
Microsoft Visual Studio Solution File, Format Version 12.00
# Visual Studio Version 17
VisualStudioVersion = 17.6.33723.286
MinimumVisualStudioVersion = 10.0.40219.1
Project("{FAE04EC0-301F-11D3-BF4B-00C04F79EFBC}") = "ProductCatalogue", "ProductCatalogue.csproj", "{BB5E1A56-DA34-47F1-B844-298EC60DB65D}"
EndProject
Global
	GlobalSection(SolutionConfigurationPlatforms) = preSolution
		Debug|Any CPU = Debug|Any CPU
		Release|Any CPU = Release|Any CPU
	EndGlobalSection
	GlobalSection(ProjectConfigurationPlatforms) = postSolution
		{BB5E1A56-DA34-47F1-B844-298EC60DB65D}.Debug|Any CPU.ActiveCfg = Debug|Any CPU
		{BB5E1A56-DA34-47F1-B844-298EC60DB65D}.Debug|Any CPU.Build.0 = Debug|Any CPU
		{BB5E1A56-DA34-47F1-B844-298EC60DB65D}.Release|Any CPU.ActiveCfg = Release|Any CPU
		{BB5E1A56-DA34-47F1-B844-298EC60DB65D}.Release|Any CPU.Build.0 = Release|Any CPU
	EndGlobalSection
	GlobalSection(SolutionProperties) = preSolution
		HideSolutionNode = FALSE
	EndGlobalSection
	GlobalSection(ExtensibilityGlobals) = postSolution
		SolutionGuid = {7E260E58-E673-4DA5-93AE-BA74ECFFA9F6}
	EndGlobalSection
EndGlobal
